# THIS IS AN AUTOGENERATED FILE. DO NOT EDIT THIS FILE DIRECTLY.
# yarn lockfile v1


lcov-parse@^1.0.0:
  version "1.0.0"
  resolved "https://registry.yarnpkg.com/lcov-parse/-/lcov-parse-1.0.0.tgz#eb0d46b54111ebc561acb4c408ef9363bdc8f7e0"
  integrity sha512-aprLII/vPzuQvYZnDRU78Fns9I2Ag3gi4Ipga/hxnVMCZC8DnR2nI7XBqrPoywGfxqIx/DgarGvDJZAD3YBTgQ==
